
Microsoft Visual Studio Solution File, Format Version 12.00
# Visual Studio Version 16
VisualStudioVersion = 16.0.31321.278
MinimumVisualStudioVersion = 10.0.40219.1
Project("{FAE04EC0-301F-11D3-BF4B-00C04F79EFBC}") = "[Hackerrank] Mini-Max Sum", "[Hackerrank] Mini-Max Sum.csproj", "{80EC56E1-0905-4E80-891C-552EAA315023}"
EndProject
Global
	GlobalSection(SolutionConfigurationPlatforms) = preSolution
		Debug|Any CPU = Debug|Any CPU
		Release|Any CPU = Release|Any CPU
	EndGlobalSection
	GlobalSection(ProjectConfigurationPlatforms) = postSolution
		{80EC56E1-0905-4E80-891C-552EAA315023}.Debug|Any CPU.ActiveCfg = Debug|Any CPU
		{80EC56E1-0905-4E80-891C-552EAA315023}.Debug|Any CPU.Build.0 = Debug|Any CPU
		{80EC56E1-0905-4E80-891C-552EAA315023}.Release|Any CPU.ActiveCfg = Release|Any CPU
		{80EC56E1-0905-4E80-891C-552EAA315023}.Release|Any CPU.Build.0 = Release|Any CPU
	EndGlobalSection
	GlobalSection(SolutionProperties) = preSolution
		HideSolutionNode = FALSE
	EndGlobalSection
	GlobalSection(ExtensibilityGlobals) = postSolution
		SolutionGuid = {8C2810F4-773C-415F-A545-E6521F469336}
	EndGlobalSection
EndGlobal
