
Microsoft Visual Studio Solution File, Format Version 12.00
# Visual Studio Version 16
VisualStudioVersion = 16.0.31321.278
MinimumVisualStudioVersion = 10.0.40219.1
Project("{FAE04EC0-301F-11D3-BF4B-00C04F79EFBC}") = "[Hackerrank] Simple Array Sum", "[Hackerrank] Simple Array Sum.csproj", "{5282E9FB-8113-447C-A1FC-604348FD50B2}"
EndProject
Global
	GlobalSection(SolutionConfigurationPlatforms) = preSolution
		Debug|Any CPU = Debug|Any CPU
		Release|Any CPU = Release|Any CPU
	EndGlobalSection
	GlobalSection(ProjectConfigurationPlatforms) = postSolution
		{5282E9FB-8113-447C-A1FC-604348FD50B2}.Debug|Any CPU.ActiveCfg = Debug|Any CPU
		{5282E9FB-8113-447C-A1FC-604348FD50B2}.Debug|Any CPU.Build.0 = Debug|Any CPU
		{5282E9FB-8113-447C-A1FC-604348FD50B2}.Release|Any CPU.ActiveCfg = Release|Any CPU
		{5282E9FB-8113-447C-A1FC-604348FD50B2}.Release|Any CPU.Build.0 = Release|Any CPU
	EndGlobalSection
	GlobalSection(SolutionProperties) = preSolution
		HideSolutionNode = FALSE
	EndGlobalSection
	GlobalSection(ExtensibilityGlobals) = postSolution
		SolutionGuid = {C6667E36-206E-4692-AB05-1C01B3C66807}
	EndGlobalSection
EndGlobal
